// !$*UTF8*$!
{
	archiveVersion = 1;
	classes = {
	};
	objectVersion = 46;
	objects = {

/* Begin PBXBuildFile section */
		A53E50DE1BC73198008F3B05 /* AppDelegate.swift in Sources */ = {isa = PBXBuildFile; fileRef = A53E50DD1BC73198008F3B05 /* AppDelegate.swift */; };
		A53E50E01BC73198008F3B05 /* ViewController.swift in Sources */ = {isa = PBXBuildFile; fileRef = A53E50DF1BC73198008F3B05 /* ViewController.swift */; };
		A53E50E31BC73198008F3B05 /* Main.storyboard in Resources */ = {isa = PBXBuildFile; fileRef = A53E50E11BC73198008F3B05 /* Main.storyboard */; };
		A53E50E51BC73198008F3B05 /* Images.xcassets in Resources */ = {isa = PBXBuildFile; fileRef = A53E50E41BC73198008F3B05 /* Images.xcassets */; };
		A53E50E81BC73198008F3B05 /* LaunchScreen.xib in Resources */ = {isa = PBXBuildFile; fileRef = A53E50E61BC73198008F3B05 /* LaunchScreen.xib */; };
		A53E50F41BC73198008F3B05 /* Downloading_Web_ContentTests.swift in Sources */ = {isa = PBXBuildFile; fileRef = A53E50F31BC73198008F3B05 /* Downloading_Web_ContentTests.swift */; };
		A53E51071BC731A0008F3B05 /* InterfaceController.swift in Sources */ = {isa = PBXBuildFile; fileRef = A53E51061BC731A0008F3B05 /* InterfaceController.swift */; };
		A53E51091BC731A0008F3B05 /* NotificationController.swift in Sources */ = {isa = PBXBuildFile; fileRef = A53E51081BC731A0008F3B05 /* NotificationController.swift */; };
		A53E510B1BC731A0008F3B05 /* Images.xcassets in Resources */ = {isa = PBXBuildFile; fileRef = A53E510A1BC731A0008F3B05 /* Images.xcassets */; };
		A53E510F1BC731A0008F3B05 /* Downloading Web Content WatchKit App.app in Resources */ = {isa = PBXBuildFile; fileRef = A53E510E1BC731A0008F3B05 /* Downloading Web Content WatchKit App.app */; };
		A53E51171BC731A0008F3B05 /* Interface.storyboard in Resources */ = {isa = PBXBuildFile; fileRef = A53E51151BC731A0008F3B05 /* Interface.storyboard */; };
		A53E51191BC731A0008F3B05 /* Images.xcassets in Resources */ = {isa = PBXBuildFile; fileRef = A53E51181BC731A0008F3B05 /* Images.xcassets */; };
		A53E511C1BC731A0008F3B05 /* Downloading Web Content WatchKit Extension.appex in Embed App Extensions */ = {isa = PBXBuildFile; fileRef = A53E51011BC731A0008F3B05 /* Downloading Web Content WatchKit Extension.appex */; settings = {ATTRIBUTES = (RemoveHeadersOnCopy, ); }; };
/* End PBXBuildFile section */

/* Begin PBXContainerItemProxy section */
		A53E50EE1BC73198008F3B05 /* PBXContainerItemProxy */ = {
			isa = PBXContainerItemProxy;
			containerPortal = A53E50D01BC73198008F3B05 /* Project object */;
			proxyType = 1;
			remoteGlobalIDString = A53E50D71BC73198008F3B05;
			remoteInfo = "Downloading Web Content";
		};
		A53E51101BC731A0008F3B05 /* PBXContainerItemProxy */ = {
			isa = PBXContainerItemProxy;
			containerPortal = A53E50D01BC73198008F3B05 /* Project object */;
			proxyType = 1;
			remoteGlobalIDString = A53E510D1BC731A0008F3B05;
			remoteInfo = "Downloading Web Content WatchKit App";
		};
		A53E511A1BC731A0008F3B05 /* PBXContainerItemProxy */ = {
			isa = PBXContainerItemProxy;
			containerPortal = A53E50D01BC73198008F3B05 /* Project object */;
			proxyType = 1;
			remoteGlobalIDString = A53E51001BC731A0008F3B05;
			remoteInfo = "Downloading Web Content WatchKit Extension";
		};
/* End PBXContainerItemProxy section */

/* Begin PBXCopyFilesBuildPhase section */
		A53E51231BC731A0008F3B05 /* Embed App Extensions */ = {
			isa = PBXCopyFilesBuildPhase;
			buildActionMask = 2147483647;
			dstPath = "";
			dstSubfolderSpec = 13;
			files = (
				A53E511C1BC731A0008F3B05 /* Downloading Web Content WatchKit Extension.appex in Embed App Extensions */,
			);
			name = "Embed App Extensions";
			runOnlyForDeploymentPostprocessing = 0;
		};
/* End PBXCopyFilesBuildPhase section */

/* Begin PBXFileReference section */
		A53E50D81BC73198008F3B05 /* Downloading Web Content.app */ = {isa = PBXFileReference; explicitFileType = wrapper.application; includeInIndex = 0; path = "Downloading Web Content.app"; sourceTree = BUILT_PRODUCTS_DIR; };
		A53E50DC1BC73198008F3B05 /* Info.plist */ = {isa = PBXFileReference; lastKnownFileType = text.plist.xml; path = Info.plist; sourceTree = "<group>"; };
		A53E50DD1BC73198008F3B05 /* AppDelegate.swift */ = {isa = PBXFileReference; lastKnownFileType = sourcecode.swift; path = AppDelegate.swift; sourceTree = "<group>"; };
		A53E50DF1BC73198008F3B05 /* ViewController.swift */ = {isa = PBXFileReference; lastKnownFileType = sourcecode.swift; path = ViewController.swift; sourceTree = "<group>"; };
		A53E50E21BC73198008F3B05 /* Base */ = {isa = PBXFileReference; lastKnownFileType = file.storyboard; name = Base; path = Base.lproj/Main.storyboard; sourceTree = "<group>"; };
		A53E50E41BC73198008F3B05 /* Images.xcassets */ = {isa = PBXFileReference; lastKnownFileType = folder.assetcatalog; path = Images.xcassets; sourceTree = "<group>"; };
		A53E50E71BC73198008F3B05 /* Base */ = {isa = PBXFileReference; lastKnownFileType = file.xib; name = Base; path = Base.lproj/LaunchScreen.xib; sourceTree = "<group>"; };
		A53E50ED1BC73198008F3B05 /* Downloading Web ContentTests.xctest */ = {isa = PBXFileReference; explicitFileType = wrapper.cfbundle; includeInIndex = 0; path = "Downloading Web ContentTests.xctest"; sourceTree = BUILT_PRODUCTS_DIR; };
		A53E50F21BC73198008F3B05 /* Info.plist */ = {isa = PBXFileReference; lastKnownFileType = text.plist.xml; path = Info.plist; sourceTree = "<group>"; };
		A53E50F31BC73198008F3B05 /* Downloading_Web_ContentTests.swift */ = {isa = PBXFileReference; lastKnownFileType = sourcecode.swift; path = Downloading_Web_ContentTests.swift; sourceTree = "<group>"; };
		A53E51011BC731A0008F3B05 /* Downloading Web Content WatchKit Extension.appex */ = {isa = PBXFileReference; explicitFileType = "wrapper.app-extension"; includeInIndex = 0; path = "Downloading Web Content WatchKit Extension.appex"; sourceTree = BUILT_PRODUCTS_DIR; };
		A53E51041BC731A0008F3B05 /* Info.plist */ = {isa = PBXFileReference; lastKnownFileType = text.plist.xml; path = Info.plist; sourceTree = "<group>"; };
		A53E51051BC731A0008F3B05 /* PushNotificationPayload.apns */ = {isa = PBXFileReference; lastKnownFileType = text; path = PushNotificationPayload.apns; sourceTree = "<group>"; };
		A53E51061BC731A0008F3B05 /* InterfaceController.swift */ = {isa = PBXFileReference; lastKnownFileType = sourcecode.swift; path = InterfaceController.swift; sourceTree = "<group>"; };
		A53E51081BC731A0008F3B05 /* NotificationController.swift */ = {isa = PBXFileReference; lastKnownFileType = sourcecode.swift; path = NotificationController.swift; sourceTree = "<group>"; };
		A53E510A1BC731A0008F3B05 /* Images.xcassets */ = {isa = PBXFileReference; lastKnownFileType = folder.assetcatalog; path = Images.xcassets; sourceTree = "<group>"; };
		A53E510E1BC731A0008F3B05 /* Downloading Web Content WatchKit App.app */ = {isa = PBXFileReference; explicitFileType = wrapper.application; includeInIndex = 0; path = "Downloading Web Content WatchKit App.app"; sourceTree = BUILT_PRODUCTS_DIR; };
		A53E51141BC731A0008F3B05 /* Info.plist */ = {isa = PBXFileReference; lastKnownFileType = text.plist.xml; path = Info.plist; sourceTree = "<group>"; };
		A53E51161BC731A0008F3B05 /* Base */ = {isa = PBXFileReference; lastKnownFileType = file.storyboard; name = Base; path = Base.lproj/Interface.storyboard; sourceTree = "<group>"; };
		A53E51181BC731A0008F3B05 /* Images.xcassets */ = {isa = PBXFileReference; lastKnownFileType = folder.assetcatalog; path = Images.xcassets; sourceTree = "<group>"; };
/* End PBXFileReference section */

/* Begin PBXFrameworksBuildPhase section */
		A53E50D51BC73198008F3B05 /* Frameworks */ = {
			isa = PBXFrameworksBuildPhase;
			buildActionMask = 2147483647;
			files = (
			);
			runOnlyForDeploymentPostprocessing = 0;
		};
		A53E50EA1BC73198008F3B05 /* Frameworks */ = {
			isa = PBXFrameworksBuildPhase;
			buildActionMask = 2147483647;
			files = (
			);
			runOnlyForDeploymentPostprocessing = 0;
		};
		A53E50FE1BC731A0008F3B05 /* Frameworks */ = {
			isa = PBXFrameworksBuildPhase;
			buildActionMask = 2147483647;
			files = (
			);
			runOnlyForDeploymentPostprocessing = 0;
		};
/* End PBXFrameworksBuildPhase section */

/* Begin PBXGroup section */
		A53E50CF1BC73198008F3B05 = {
			isa = PBXGroup;
			children = (
				A53E50DA1BC73198008F3B05 /* Downloading Web Content */,
				A53E50F01BC73198008F3B05 /* Downloading Web ContentTests */,
				A53E51021BC731A0008F3B05 /* Downloading Web Content WatchKit Extension */,
				A53E51121BC731A0008F3B05 /* Downloading Web Content WatchKit App */,
				A53E50D91BC73198008F3B05 /* Products */,
			);
			sourceTree = "<group>";
		};
		A53E50D91BC73198008F3B05 /* Products */ = {
			isa = PBXGroup;
			children = (
				A53E50D81BC73198008F3B05 /* Downloading Web Content.app */,
				A53E50ED1BC73198008F3B05 /* Downloading Web ContentTests.xctest */,
				A53E51011BC731A0008F3B05 /* Downloading Web Content WatchKit Extension.appex */,
				A53E510E1BC731A0008F3B05 /* Downloading Web Content WatchKit App.app */,
			);
			name = Products;
			sourceTree = "<group>";
		};
		A53E50DA1BC73198008F3B05 /* Downloading Web Content */ = {
			isa = PBXGroup;
			children = (
				A53E50DD1BC73198008F3B05 /* AppDelegate.swift */,
				A53E50DF1BC73198008F3B05 /* ViewController.swift */,
				A53E50E11BC73198008F3B05 /* Main.storyboard */,
				A53E50E41BC73198008F3B05 /* Images.xcassets */,
				A53E50E61BC73198008F3B05 /* LaunchScreen.xib */,
				A53E50DB1BC73198008F3B05 /* Supporting Files */,
			);
			path = "Downloading Web Content";
			sourceTree = "<group>";
		};
		A53E50DB1BC73198008F3B05 /* Supporting Files */ = {
			isa = PBXGroup;
			children = (
				A53E50DC1BC73198008F3B05 /* Info.plist */,
			);
			name = "Supporting Files";
			sourceTree = "<group>";
		};
		A53E50F01BC73198008F3B05 /* Downloading Web ContentTests */ = {
			isa = PBXGroup;
			children = (
				A53E50F31BC73198008F3B05 /* Downloading_Web_ContentTests.swift */,
				A53E50F11BC73198008F3B05 /* Supporting Files */,
			);
			path = "Downloading Web ContentTests";
			sourceTree = "<group>";
		};
		A53E50F11BC73198008F3B05 /* Supporting Files */ = {
			isa = PBXGroup;
			children = (
				A53E50F21BC73198008F3B05 /* Info.plist */,
			);
			name = "Supporting Files";
			sourceTree = "<group>";
		};
		A53E51021BC731A0008F3B05 /* Downloading Web Content WatchKit Extension */ = {
			isa = PBXGroup;
			children = (
				A53E51061BC731A0008F3B05 /* InterfaceController.swift */,
				A53E51081BC731A0008F3B05 /* NotificationController.swift */,
				A53E510A1BC731A0008F3B05 /* Images.xcassets */,
				A53E51031BC731A0008F3B05 /* Supporting Files */,
			);
			path = "Downloading Web Content WatchKit Extension";
			sourceTree = "<group>";
		};
		A53E51031BC731A0008F3B05 /* Supporting Files */ = {
			isa = PBXGroup;
			children = (
				A53E51041BC731A0008F3B05 /* Info.plist */,
				A53E51051BC731A0008F3B05 /* PushNotificationPayload.apns */,
			);
			name = "Supporting Files";
			sourceTree = "<group>";
		};
		A53E51121BC731A0008F3B05 /* Downloading Web Content WatchKit App */ = {
			isa = PBXGroup;
			children = (
				A53E51151BC731A0008F3B05 /* Interface.storyboard */,
				A53E51181BC731A0008F3B05 /* Images.xcassets */,
				A53E51131BC731A0008F3B05 /* Supporting Files */,
			);
			path = "Downloading Web Content WatchKit App";
			sourceTree = "<group>";
		};
		A53E51131BC731A0008F3B05 /* Supporting Files */ = {
			isa = PBXGroup;
			children = (
				A53E51141BC731A0008F3B05 /* Info.plist */,
			);
			name = "Supporting Files";
			sourceTree = "<group>";
		};
/* End PBXGroup section */

/* Begin PBXNativeTarget section */
		A53E50D71BC73198008F3B05 /* Downloading Web Content */ = {
			isa = PBXNativeTarget;
			buildConfigurationList = A53E50F71BC73198008F3B05 /* Build configuration list for PBXNativeTarget "Downloading Web Content" */;
			buildPhases = (
				A53E50D41BC73198008F3B05 /* Sources */,
				A53E50D51BC73198008F3B05 /* Frameworks */,
				A53E50D61BC73198008F3B05 /* Resources */,
				A53E51231BC731A0008F3B05 /* Embed App Extensions */,
			);
			buildRules = (
			);
			dependencies = (
				A53E511B1BC731A0008F3B05 /* PBXTargetDependency */,
			);
			name = "Downloading Web Content";
			productName = "Downloading Web Content";
			productReference = A53E50D81BC73198008F3B05 /* Downloading Web Content.app */;
			productType = "com.apple.product-type.application";
		};
		A53E50EC1BC73198008F3B05 /* Downloading Web ContentTests */ = {
			isa = PBXNativeTarget;
			buildConfigurationList = A53E50FA1BC73198008F3B05 /* Build configuration list for PBXNativeTarget "Downloading Web ContentTests" */;
			buildPhases = (
				A53E50E91BC73198008F3B05 /* Sources */,
				A53E50EA1BC73198008F3B05 /* Frameworks */,
				A53E50EB1BC73198008F3B05 /* Resources */,
			);
			buildRules = (
			);
			dependencies = (
				A53E50EF1BC73198008F3B05 /* PBXTargetDependency */,
			);
			name = "Downloading Web ContentTests";
			productName = "Downloading Web ContentTests";
			productReference = A53E50ED1BC73198008F3B05 /* Downloading Web ContentTests.xctest */;
			productType = "com.apple.product-type.bundle.unit-test";
		};
		A53E51001BC731A0008F3B05 /* Downloading Web Content WatchKit Extension */ = {
			isa = PBXNativeTarget;
			buildConfigurationList = A53E51201BC731A0008F3B05 /* Build configuration list for PBXNativeTarget "Downloading Web Content WatchKit Extension" */;
			buildPhases = (
				A53E50FD1BC731A0008F3B05 /* Sources */,
				A53E50FE1BC731A0008F3B05 /* Frameworks */,
				A53E50FF1BC731A0008F3B05 /* Resources */,
			);
			buildRules = (
			);
			dependencies = (
				A53E51111BC731A0008F3B05 /* PBXTargetDependency */,
			);
			name = "Downloading Web Content WatchKit Extension";
			productName = "Downloading Web Content WatchKit Extension";
			productReference = A53E51011BC731A0008F3B05 /* Downloading Web Content WatchKit Extension.appex */;
			productType = "com.apple.product-type.watchkit-extension";
		};
		A53E510D1BC731A0008F3B05 /* Downloading Web Content WatchKit App */ = {
			isa = PBXNativeTarget;
			buildConfigurationList = A53E511D1BC731A0008F3B05 /* Build configuration list for PBXNativeTarget "Downloading Web Content WatchKit App" */;
			buildPhases = (
				A53E510C1BC731A0008F3B05 /* Resources */,
			);
			buildRules = (
			);
			dependencies = (
			);
			name = "Downloading Web Content WatchKit App";
			productName = "Downloading Web Content WatchKit App";
			productReference = A53E510E1BC731A0008F3B05 /* Downloading Web Content WatchKit App.app */;
			productType = "com.apple.product-type.application.watchapp";
		};
/* End PBXNativeTarget section */

/* Begin PBXProject section */
		A53E50D01BC73198008F3B05 /* Project object */ = {
			isa = PBXProject;
			attributes = {
				LastUpgradeCheck = 0640;
				ORGANIZATIONNAME = qpiapps;
				TargetAttributes = {
					A53E50D71BC73198008F3B05 = {
						CreatedOnToolsVersion = 6.4;
					};
					A53E50EC1BC73198008F3B05 = {
						CreatedOnToolsVersion = 6.4;
						TestTargetID = A53E50D71BC73198008F3B05;
					};
					A53E51001BC731A0008F3B05 = {
						CreatedOnToolsVersion = 6.4;
					};
					A53E510D1BC731A0008F3B05 = {
						CreatedOnToolsVersion = 6.4;
					};
				};
			};
			buildConfigurationList = A53E50D31BC73198008F3B05 /* Build configuration list for PBXProject "Downloading Web Content" */;
			compatibilityVersion = "Xcode 3.2";
			developmentRegion = English;
			hasScannedForEncodings = 0;
			knownRegions = (
				en,
				Base,
			);
			mainGroup = A53E50CF1BC73198008F3B05;
			productRefGroup = A53E50D91BC73198008F3B05 /* Products */;
			projectDirPath = "";
			projectRoot = "";
			targets = (
				A53E50D71BC73198008F3B05 /* Downloading Web Content */,
				A53E50EC1BC73198008F3B05 /* Downloading Web ContentTests */,
				A53E51001BC731A0008F3B05 /* Downloading Web Content WatchKit Extension */,
				A53E510D1BC731A0008F3B05 /* Downloading Web Content WatchKit App */,
			);
		};
/* End PBXProject section */

/* Begin PBXResourcesBuildPhase section */
		A53E50D61BC73198008F3B05 /* Resources */ = {
			isa = PBXResourcesBuildPhase;
			buildActionMask = 2147483647;
			files = (
				A53E50E31BC73198008F3B05 /* Main.storyboard in Resources */,
				A53E50E81BC73198008F3B05 /* LaunchScreen.xib in Resources */,
				A53E50E51BC73198008F3B05 /* Images.xcassets in Resources */,
			);
			runOnlyForDeploymentPostprocessing = 0;
		};
		A53E50EB1BC73198008F3B05 /* Resources */ = {
			isa = PBXResourcesBuildPhase;
			buildActionMask = 2147483647;
			files = (
			);
			runOnlyForDeploymentPostprocessing = 0;
		};
		A53E50FF1BC731A0008F3B05 /* Resources */ = {
			isa = PBXResourcesBuildPhase;
			buildActionMask = 2147483647;
			files = (
				A53E510F1BC731A0008F3B05 /* Downloading Web Content WatchKit App.app in Resources */,
				A53E510B1BC731A0008F3B05 /* Images.xcassets in Resources */,
			);
			runOnlyForDeploymentPostprocessing = 0;
		};
		A53E510C1BC731A0008F3B05 /* Resources */ = {
			isa = PBXResourcesBuildPhase;
			buildActionMask = 2147483647;
			files = (
				A53E51171BC731A0008F3B05 /* Interface.storyboard in Resources */,
				A53E51191BC731A0008F3B05 /* Images.xcassets in Resources */,
			);
			runOnlyForDeploymentPostprocessing = 0;
		};
/* End PBXResourcesBuildPhase section */

/* Begin PBXSourcesBuildPhase section */
		A53E50D41BC73198008F3B05 /* Sources */ = {
			isa = PBXSourcesBuildPhase;
			buildActionMask = 2147483647;
			files = (
				A53E50E01BC73198008F3B05 /* ViewController.swift in Sources */,
				A53E50DE1BC73198008F3B05 /* AppDelegate.swift in Sources */,
			);
			runOnlyForDeploymentPostprocessing = 0;
		};
		A53E50E91BC73198008F3B05 /* Sources */ = {
			isa = PBXSourcesBuildPhase;
			buildActionMask = 2147483647;
			files = (
				A53E50F41BC73198008F3B05 /* Downloading_Web_ContentTests.swift in Sources */,
			);
			runOnlyForDeploymentPostprocessing = 0;
		};
		A53E50FD1BC731A0008F3B05 /* Sources */ = {
			isa = PBXSourcesBuildPhase;
			buildActionMask = 2147483647;
			files = (
				A53E51091BC731A0008F3B05 /* NotificationController.swift in Sources */,
				A53E51071BC731A0008F3B05 /* InterfaceController.swift in Sources */,
			);
			runOnlyForDeploymentPostprocessing = 0;
		};
/* End PBXSourcesBuildPhase section */

/* Begin PBXTargetDependency section */
		A53E50EF1BC73198008F3B05 /* PBXTargetDependency */ = {
			isa = PBXTargetDependency;
			target = A53E50D71BC73198008F3B05 /* Downloading Web Content */;
			targetProxy = A53E50EE1BC73198008F3B05 /* PBXContainerItemProxy */;
		};
		A53E51111BC731A0008F3B05 /* PBXTargetDependency */ = {
			isa = PBXTargetDependency;
			target = A53E510D1BC731A0008F3B05 /* Downloading Web Content WatchKit App */;
			targetProxy = A53E51101BC731A0008F3B05 /* PBXContainerItemProxy */;
		};
		A53E511B1BC731A0008F3B05 /* PBXTargetDependency */ = {
			isa = PBXTargetDependency;
			target = A53E51001BC731A0008F3B05 /* Downloading Web Content WatchKit Extension */;
			targetProxy = A53E511A1BC731A0008F3B05 /* PBXContainerItemProxy */;
		};
/* End PBXTargetDependency section */

/* Begin PBXVariantGroup section */
		A53E50E11BC73198008F3B05 /* Main.storyboard */ = {
			isa = PBXVariantGroup;
			children = (
				A53E50E21BC73198008F3B05 /* Base */,
			);
			name = Main.storyboard;
			sourceTree = "<group>";
		};
		A53E50E61BC73198008F3B05 /* LaunchScreen.xib */ = {
			isa = PBXVariantGroup;
			children = (
				A53E50E71BC73198008F3B05 /* Base */,
			);
			name = LaunchScreen.xib;
			sourceTree = "<group>";
		};
		A53E51151BC731A0008F3B05 /* Interface.storyboard */ = {
			isa = PBXVariantGroup;
			children = (
				A53E51161BC731A0008F3B05 /* Base */,
			);
			name = Interface.storyboard;
			sourceTree = "<group>";
		};
/* End PBXVariantGroup section */

/* Begin XCBuildConfiguration section */
		A53E50F51BC73198008F3B05 /* Debug */ = {
			isa = XCBuildConfiguration;
			buildSettings = {
				ALWAYS_SEARCH_USER_PATHS = NO;
				CLANG_CXX_LANGUAGE_STANDARD = "gnu++0x";
				CLANG_CXX_LIBRARY = "libc++";
				CLANG_ENABLE_MODULES = YES;
				CLANG_ENABLE_OBJC_ARC = YES;
				CLANG_WARN_BOOL_CONVERSION = YES;
				CLANG_WARN_CONSTANT_CONVERSION = YES;
				CLANG_WARN_DIRECT_OBJC_ISA_USAGE = YES_ERROR;
				CLANG_WARN_EMPTY_BODY = YES;
				CLANG_WARN_ENUM_CONVERSION = YES;
				CLANG_WARN_INT_CONVERSION = YES;
				CLANG_WARN_OBJC_ROOT_CLASS = YES_ERROR;
				CLANG_WARN_UNREACHABLE_CODE = YES;
				CLANG_WARN__DUPLICATE_METHOD_MATCH = YES;
				"CODE_SIGN_IDENTITY[sdk=iphoneos*]" = "iPhone Developer";
				COPY_PHASE_STRIP = NO;
				DEBUG_INFORMATION_FORMAT = "dwarf-with-dsym";
				ENABLE_STRICT_OBJC_MSGSEND = YES;
				GCC_C_LANGUAGE_STANDARD = gnu99;
				GCC_DYNAMIC_NO_PIC = NO;
				GCC_NO_COMMON_BLOCKS = YES;
				GCC_OPTIMIZATION_LEVEL = 0;
				GCC_PREPROCESSOR_DEFINITIONS = (
					"DEBUG=1",
					"$(inherited)",
				);
				GCC_SYMBOLS_PRIVATE_EXTERN = NO;
				GCC_WARN_64_TO_32_BIT_CONVERSION = YES;
				GCC_WARN_ABOUT_RETURN_TYPE = YES_ERROR;
				GCC_WARN_UNDECLARED_SELECTOR = YES;
				GCC_WARN_UNINITIALIZED_AUTOS = YES_AGGRESSIVE;
				GCC_WARN_UNUSED_FUNCTION = YES;
				GCC_WARN_UNUSED_VARIABLE = YES;
				IPHONEOS_DEPLOYMENT_TARGET = 8.4;
				MTL_ENABLE_DEBUG_INFO = YES;
				ONLY_ACTIVE_ARCH = YES;
				SDKROOT = iphoneos;
				SWIFT_OPTIMIZATION_LEVEL = "-Onone";
			};
			name = Debug;
		};
		A53E50F61BC73198008F3B05 /* Release */ = {
			isa = XCBuildConfiguration;
			buildSettings = {
				ALWAYS_SEARCH_USER_PATHS = NO;
				CLANG_CXX_LANGUAGE_STANDARD = "gnu++0x";
				CLANG_CXX_LIBRARY = "libc++";
				CLANG_ENABLE_MODULES = YES;
				CLANG_ENABLE_OBJC_ARC = YES;
				CLANG_WARN_BOOL_CONVERSION = YES;
				CLANG_WARN_CONSTANT_CONVERSION = YES;
				CLANG_WARN_DIRECT_OBJC_ISA_USAGE = YES_ERROR;
				CLANG_WARN_EMPTY_BODY = YES;
				CLANG_WARN_ENUM_CONVERSION = YES;
				CLANG_WARN_INT_CONVERSION = YES;
				CLANG_WARN_OBJC_ROOT_CLASS = YES_ERROR;
				CLANG_WARN_UNREACHABLE_CODE = YES;
				CLANG_WARN__DUPLICATE_METHOD_MATCH = YES;
				"CODE_SIGN_IDENTITY[sdk=iphoneos*]" = "iPhone Developer";
				COPY_PHASE_STRIP = NO;
				DEBUG_INFORMATION_FORMAT = "dwarf-with-dsym";
				ENABLE_NS_ASSERTIONS = NO;
				ENABLE_STRICT_OBJC_MSGSEND = YES;
				GCC_C_LANGUAGE_STANDARD = gnu99;
				GCC_NO_COMMON_BLOCKS = YES;
				GCC_WARN_64_TO_32_BIT_CONVERSION = YES;
				GCC_WARN_ABOUT_RETURN_TYPE = YES_ERROR;
				GCC_WARN_UNDECLARED_SELECTOR = YES;
				GCC_WARN_UNINITIALIZED_AUTOS = YES_AGGRESSIVE;
				GCC_WARN_UNUSED_FUNCTION = YES;
				GCC_WARN_UNUSED_VARIABLE = YES;
				IPHONEOS_DEPLOYMENT_TARGET = 8.4;
				MTL_ENABLE_DEBUG_INFO = NO;
				SDKROOT = iphoneos;
				VALIDATE_PRODUCT = YES;
			};
			name = Release;
		};
		A53E50F81BC73198008F3B05 /* Debug */ = {
			isa = XCBuildConfiguration;
			buildSettings = {
				ASSETCATALOG_COMPILER_APPICON_NAME = AppIcon;
				INFOPLIST_FILE = "Downloading Web Content/Info.plist";
				LD_RUNPATH_SEARCH_PATHS = "$(inherited) @executable_path/Frameworks";
				PRODUCT_NAME = "$(TARGET_NAME)";
			};
			name = Debug;
		};
		A53E50F91BC73198008F3B05 /* Release */ = {
			isa = XCBuildConfiguration;
			buildSettings = {
				ASSETCATALOG_COMPILER_APPICON_NAME = AppIcon;
				INFOPLIST_FILE = "Downloading Web Content/Info.plist";
				LD_RUNPATH_SEARCH_PATHS = "$(inherited) @executable_path/Frameworks";
				PRODUCT_NAME = "$(TARGET_NAME)";
			};
			name = Release;
		};
		A53E50FB1BC73198008F3B05 /* Debug */ = {
			isa = XCBuildConfiguration;
			buildSettings = {
				BUNDLE_LOADER = "$(TEST_HOST)";
				FRAMEWORK_SEARCH_PATHS = (
					"$(SDKROOT)/Developer/Library/Frameworks",
					"$(inherited)",
				);
				GCC_PREPROCESSOR_DEFINITIONS = (
					"DEBUG=1",
					"$(inherited)",
				);
				INFOPLIST_FILE = "Downloading Web ContentTests/Info.plist";
				LD_RUNPATH_SEARCH_PATHS = "$(inherited) @executable_path/Frameworks @loader_path/Frameworks";
				PRODUCT_NAME = "$(TARGET_NAME)";
				TEST_HOST = "$(BUILT_PRODUCTS_DIR)/Downloading Web Content.app/Downloading Web Content";
			};
			name = Debug;
		};
		A53E50FC1BC73198008F3B05 /* Release */ = {
			isa = XCBuildConfiguration;
			buildSettings = {
				BUNDLE_LOADER = "$(TEST_HOST)";
				FRAMEWORK_SEARCH_PATHS = (
					"$(SDKROOT)/Developer/Library/Frameworks",
					"$(inherited)",
				);
				INFOPLIST_FILE = "Downloading Web ContentTests/Info.plist";
				LD_RUNPATH_SEARCH_PATHS = "$(inherited) @executable_path/Frameworks @loader_path/Frameworks";
				PRODUCT_NAME = "$(TARGET_NAME)";
				TEST_HOST = "$(BUILT_PRODUCTS_DIR)/Downloading Web Content.app/Downloading Web Content";
			};
			name = Release;
		};
		A53E511E1BC731A0008F3B05 /* Debug */ = {
			isa = XCBuildConfiguration;
			buildSettings = {
				ASSETCATALOG_COMPILER_APPICON_NAME = AppIcon;
				GCC_PREPROCESSOR_DEFINITIONS = (
					"DEBUG=1",
					"$(inherited)",
				);
				IBSC_MODULE = Downloading_Web_Content_WatchKit_Extension;
				INFOPLIST_FILE = "Downloading Web Content WatchKit App/Info.plist";
				IPHONEOS_DEPLOYMENT_TARGET = 8.2;
				PRODUCT_NAME = "$(TARGET_NAME)";
				SKIP_INSTALL = YES;
				TARGETED_DEVICE_FAMILY = 4;
				"TARGETED_DEVICE_FAMILY[sdk=iphonesimulator*]" = "1,4";
			};
			name = Debug;
		};
		A53E511F1BC731A0008F3B05 /* Release */ = {
			isa = XCBuildConfiguration;
			buildSettings = {
				ASSETCATALOG_COMPILER_APPICON_NAME = AppIcon;
				IBSC_MODULE = Downloading_Web_Content_WatchKit_Extension;
				INFOPLIST_FILE = "Downloading Web Content WatchKit App/Info.plist";
				IPHONEOS_DEPLOYMENT_TARGET = 8.2;
				PRODUCT_NAME = "$(TARGET_NAME)";
				SKIP_INSTALL = YES;
				TARGETED_DEVICE_FAMILY = 4;
				"TARGETED_DEVICE_FAMILY[sdk=iphonesimulator*]" = "1,4";
			};
			name = Release;
		};
		A53E51211BC731A0008F3B05 /* Debug */ = {
			isa = XCBuildConfiguration;
			buildSettings = {
				GCC_PREPROCESSOR_DEFINITIONS = (
					"DEBUG=1",
					"$(inherited)",
				);
				INFOPLIST_FILE = "Downloading Web Content WatchKit Extension/Info.plist";
				LD_RUNPATH_SEARCH_PATHS = "$(inherited) @executable_path/Frameworks @executable_path/../../Frameworks";
				PRODUCT_NAME = "${TARGET_NAME}";
				SKIP_INSTALL = YES;
			};
			name = Debug;
		};
		A53E51221BC731A0008F3B05 /* Release */ = {
			isa = XCBuildConfiguration;
			buildSettings = {
				INFOPLIST_FILE = "Downloading Web Content WatchKit Extension/Info.plist";
				LD_RUNPATH_SEARCH_PATHS = "$(inherited) @executable_path/Frameworks @executable_path/../../Frameworks";
				PRODUCT_NAME = "${TARGET_NAME}";
				SKIP_INSTALL = YES;
			};
			name = Release;
		};
/* End XCBuildConfiguration section */

/* Begin XCConfigurationList section */
		A53E50D31BC73198008F3B05 /* Build configuration list for PBXProject "Downloading Web Content" */ = {
			isa = XCConfigurationList;
			buildConfigurations = (
				A53E50F51BC73198008F3B05 /* Debug */,
				A53E50F61BC73198008F3B05 /* Release */,
			);
			defaultConfigurationIsVisible = 0;
			defaultConfigurationName = Release;
		};
		A53E50F71BC73198008F3B05 /* Build configuration list for PBXNativeTarget "Downloading Web Content" */ = {
			isa = XCConfigurationList;
			buildConfigurations = (
				A53E50F81BC73198008F3B05 /* Debug */,
				A53E50F91BC73198008F3B05 /* Release */,
			);
			defaultConfigurationIsVisible = 0;
		};
		A53E50FA1BC73198008F3B05 /* Build configuration list for PBXNativeTarget "Downloading Web ContentTests" */ = {
			isa = XCConfigurationList;
			buildConfigurations = (
				A53E50FB1BC73198008F3B05 /* Debug */,
				A53E50FC1BC73198008F3B05 /* Release */,
			);
			defaultConfigurationIsVisible = 0;
		};
		A53E511D1BC731A0008F3B05 /* Build configuration list for PBXNativeTarget "Downloading Web Content WatchKit App" */ = {
			isa = XCConfigurationList;
			buildConfigurations = (
				A53E511E1BC731A0008F3B05 /* Debug */,
				A53E511F1BC731A0008F3B05 /* Release */,
			);
			defaultConfigurationIsVisible = 0;
		};
		A53E51201BC731A0008F3B05 /* Build configuration list for PBXNativeTarget "Downloading Web Content WatchKit Extension" */ = {
			isa = XCConfigurationList;
			buildConfigurations = (
				A53E51211BC731A0008F3B05 /* Debug */,
				A53E51221BC731A0008F3B05 /* Release */,
			);
			defaultConfigurationIsVisible = 0;
		};
/* End XCConfigurationList section */
	};
	rootObject = A53E50D01BC73198008F3B05 /* Project object */;
}
